
Microsoft Visual Studio Solution File, Format Version 12.00
# Visual Studio 15
VisualStudioVersion = 15.0.28307.421
MinimumVisualStudioVersion = 10.0.40219.1
Project("{FAE04EC0-301F-11D3-BF4B-00C04F79EFBC}") = "HospitalJuanchos", "HospitalJuanchos\HospitalJuanchos.csproj", "{61633113-5BB7-4D5C-8C0E-2CFED6875EEF}"
EndProject
Global
	GlobalSection(SolutionConfigurationPlatforms) = preSolution
		Debug|Any CPU = Debug|Any CPU
		Release|Any CPU = Release|Any CPU
	EndGlobalSection
	GlobalSection(ProjectConfigurationPlatforms) = postSolution
		{61633113-5BB7-4D5C-8C0E-2CFED6875EEF}.Debug|Any CPU.ActiveCfg = Debug|Any CPU
		{61633113-5BB7-4D5C-8C0E-2CFED6875EEF}.Debug|Any CPU.Build.0 = Debug|Any CPU
		{61633113-5BB7-4D5C-8C0E-2CFED6875EEF}.Release|Any CPU.ActiveCfg = Release|Any CPU
		{61633113-5BB7-4D5C-8C0E-2CFED6875EEF}.Release|Any CPU.Build.0 = Release|Any CPU
	EndGlobalSection
	GlobalSection(SolutionProperties) = preSolution
		HideSolutionNode = FALSE
	EndGlobalSection
	GlobalSection(ExtensibilityGlobals) = postSolution
		SolutionGuid = {8BE98772-3CE5-45A9-B5AA-EF4DAF7F2172}
	EndGlobalSection
EndGlobal
